
Microsoft Visual Studio Solution File, Format Version 12.00
Project("{FAE04EC0-301F-11D3-BF4B-00C04F79EFBC}") = "Onefold", "Onefold\Onefold.csproj", "{8F05748B-74B3-41E1-8D0E-103AFE2BC279}"
EndProject
Project("{FAE04EC0-301F-11D3-BF4B-00C04F79EFBC}") = "Domain", "Domain\Domain.csproj", "{68055D19-1DA3-4CDC-91F2-A5D43F37CF97}"
EndProject
Project("{FAE04EC0-301F-11D3-BF4B-00C04F79EFBC}") = "Infrastructure", "Infrastructure\Infrastructure.csproj", "{01328C03-0D33-46EA-B4DF-F9DC567F0B5B}"
EndProject
Project("{FAE04EC0-301F-11D3-BF4B-00C04F79EFBC}") = "Application", "Application\Application.csproj", "{51887138-68DE-4E38-90B4-350F7136F0BD}"
EndProject
Global
	GlobalSection(SolutionConfigurationPlatforms) = preSolution
		Debug|Any CPU = Debug|Any CPU
		Release|Any CPU = Release|Any CPU
	EndGlobalSection
	GlobalSection(ProjectConfigurationPlatforms) = postSolution
		{8F05748B-74B3-41E1-8D0E-103AFE2BC279}.Debug|Any CPU.ActiveCfg = Debug|Any CPU
		{8F05748B-74B3-41E1-8D0E-103AFE2BC279}.Debug|Any CPU.Build.0 = Debug|Any CPU
		{8F05748B-74B3-41E1-8D0E-103AFE2BC279}.Release|Any CPU.ActiveCfg = Release|Any CPU
		{8F05748B-74B3-41E1-8D0E-103AFE2BC279}.Release|Any CPU.Build.0 = Release|Any CPU
		{68055D19-1DA3-4CDC-91F2-A5D43F37CF97}.Debug|Any CPU.ActiveCfg = Debug|Any CPU
		{68055D19-1DA3-4CDC-91F2-A5D43F37CF97}.Debug|Any CPU.Build.0 = Debug|Any CPU
		{68055D19-1DA3-4CDC-91F2-A5D43F37CF97}.Release|Any CPU.ActiveCfg = Release|Any CPU
		{68055D19-1DA3-4CDC-91F2-A5D43F37CF97}.Release|Any CPU.Build.0 = Release|Any CPU
		{01328C03-0D33-46EA-B4DF-F9DC567F0B5B}.Debug|Any CPU.ActiveCfg = Debug|Any CPU
		{01328C03-0D33-46EA-B4DF-F9DC567F0B5B}.Debug|Any CPU.Build.0 = Debug|Any CPU
		{01328C03-0D33-46EA-B4DF-F9DC567F0B5B}.Release|Any CPU.ActiveCfg = Release|Any CPU
		{01328C03-0D33-46EA-B4DF-F9DC567F0B5B}.Release|Any CPU.Build.0 = Release|Any CPU
		{51887138-68DE-4E38-90B4-350F7136F0BD}.Debug|Any CPU.ActiveCfg = Debug|Any CPU
		{51887138-68DE-4E38-90B4-350F7136F0BD}.Debug|Any CPU.Build.0 = Debug|Any CPU
		{51887138-68DE-4E38-90B4-350F7136F0BD}.Release|Any CPU.ActiveCfg = Release|Any CPU
		{51887138-68DE-4E38-90B4-350F7136F0BD}.Release|Any CPU.Build.0 = Release|Any CPU
	EndGlobalSection
EndGlobal
